
Microsoft Visual Studio Solution File, Format Version 12.00
# Visual Studio 2013
VisualStudioVersion = 12.0.21005.1
MinimumVisualStudioVersion = 10.0.40219.1
Project("{FAE04EC0-301F-11D3-BF4B-00C04F79EFBC}") = "Dominion", "DominionSharp\Dominion.csproj", "{370170E0-7A64-4CBD-B051-2AFEE6C32573}"
EndProject
Project("{FAE04EC0-301F-11D3-BF4B-00C04F79EFBC}") = "DominionTest", "ClassLibrary1\DominionTest.csproj", "{7204CD37-0C60-469B-A4DC-9FA6C1EC96AD}"
EndProject
Global
	GlobalSection(SolutionConfigurationPlatforms) = preSolution
		Debug|Any CPU = Debug|Any CPU
		Release|Any CPU = Release|Any CPU
	EndGlobalSection
	GlobalSection(ProjectConfigurationPlatforms) = postSolution
		{370170E0-7A64-4CBD-B051-2AFEE6C32573}.Debug|Any CPU.ActiveCfg = Debug|Any CPU
		{370170E0-7A64-4CBD-B051-2AFEE6C32573}.Debug|Any CPU.Build.0 = Debug|Any CPU
		{370170E0-7A64-4CBD-B051-2AFEE6C32573}.Release|Any CPU.ActiveCfg = Release|Any CPU
		{370170E0-7A64-4CBD-B051-2AFEE6C32573}.Release|Any CPU.Build.0 = Release|Any CPU
		{7204CD37-0C60-469B-A4DC-9FA6C1EC96AD}.Debug|Any CPU.ActiveCfg = Debug|Any CPU
		{7204CD37-0C60-469B-A4DC-9FA6C1EC96AD}.Debug|Any CPU.Build.0 = Debug|Any CPU
		{7204CD37-0C60-469B-A4DC-9FA6C1EC96AD}.Release|Any CPU.ActiveCfg = Release|Any CPU
		{7204CD37-0C60-469B-A4DC-9FA6C1EC96AD}.Release|Any CPU.Build.0 = Release|Any CPU
	EndGlobalSection
	GlobalSection(SolutionProperties) = preSolution
		HideSolutionNode = FALSE
	EndGlobalSection
EndGlobal
